{
  "nodes": {
    "flake-compat": {
      "flake": false,
      "locked": {
        "lastModified": 1696426674,
        "narHash": "sha256-kvjfFW7WAETZlt09AgDn1MrtKzP7t90Vf7vypd3OL1U=",
        "owner": "edolstra",
        "repo": "flake-compat",
        "rev": "0f9255e01c2351cc7d116c072cb317785dd33b33",
        "type": "github"
      },
      "original": {
        "owner": "edolstra",
        "repo": "flake-compat",
        "type": "github"
      }
    },
    "home-manager": {
      "inputs": {
        "nixpkgs": [
          "nixpkgs"
        ]
      },
      "locked": {
        "lastModified": 1720167120,
        "narHash": "sha256-K9JYdlPiyaXp33JRg7CT8rMwH56e4ncXSsXW/YKnNXc=",
        "owner": "nix-community",
        "repo": "home-manager",
        "rev": "bbe6e94737289c8cb92d4d8f9199fbfe4f11c0ba",
        "type": "github"
      },
      "original": {
        "owner": "nix-community",
        "repo": "home-manager",
        "type": "github"
      }
    },
    "neovim-flocke": {
      "inputs": {
        "neovim-src": "neovim-src",
        "nixpkgs": "nixpkgs"
      },
      "locked": {
        "lastModified": 1720126514,
        "narHash": "sha256-Qo+52t73qdkhSXZFJ4hfg8urP6ZE3jkSDsXCG2oRYsw=",
        "owner": "Hafflationist",
        "repo": "neovim-flocke",
        "rev": "9c8a4ff5f965d40e59331832f4ac4252f5f4c16b",
        "type": "github"
      },
      "original": {
        "owner": "Hafflationist",
        "repo": "neovim-flocke",
        "type": "github"
      }
    },
    "neovim-src": {
      "flake": false,
      "locked": {
        "lastModified": 1695039858,
        "narHash": "sha256-fTVsLFJALKQArqwKAF1g4iZ0u72lj4eDHNrvDNsKCUw=",
        "owner": "neovim",
        "repo": "neovim",
        "rev": "46402c16c0c38701469c52fb28d16f2483cc7a72",
        "type": "github"
      },
      "original": {
        "owner": "neovim",
        "repo": "neovim",
        "type": "github"
      }
    },
    "nixpkgs": {
      "locked": {
        "lastModified": 1694767346,
        "narHash": "sha256-5uH27SiVFUwsTsqC5rs3kS7pBoNhtoy9QfTP9BmknGk=",
        "owner": "nixos",
        "repo": "nixpkgs",
        "rev": "ace5093e36ab1e95cb9463863491bee90d5a4183",
        "type": "github"
      },
      "original": {
        "owner": "nixos",
        "ref": "nixos-unstable",
        "repo": "nixpkgs",
        "type": "github"
      }
    },
    "nixpkgs_2": {
      "locked": {
        "lastModified": 1720031269,
        "narHash": "sha256-rwz8NJZV+387rnWpTYcXaRNvzUSnnF9aHONoJIYmiUQ=",
        "owner": "NixOS",
        "repo": "nixpkgs",
        "rev": "9f4128e00b0ae8ec65918efeba59db998750ead6",
        "type": "github"
      },
      "original": {
        "owner": "NixOS",
        "ref": "nixos-unstable",
        "repo": "nixpkgs",
        "type": "github"
      }
    },
    "root": {
      "inputs": {
        "home-manager": "home-manager",
        "neovim-flocke": "neovim-flocke",
        "nixpkgs": "nixpkgs_2",
        "spicetify-nix": "spicetify-nix",
        "weechat-scripts": "weechat-scripts"
      }
    },
    "spicetify-nix": {
      "inputs": {
        "flake-compat": "flake-compat",
        "nixpkgs": [
          "nixpkgs"
        ]
      },
      "locked": {
        "lastModified": 1720152808,
        "narHash": "sha256-bvWgpdHWjeIL8iw+NUoSi1OzKfr33ef+gHodivmiRPE=",
        "owner": "Gerg-L",
        "repo": "spicetify-nix",
        "rev": "28cf3d4dc0c4d725863646b9ec84a08e59aebb8b",
        "type": "github"
      },
      "original": {
        "owner": "Gerg-L",
        "repo": "spicetify-nix",
        "type": "github"
      }
    },
    "weechat-scripts": {
      "flake": false,
      "locked": {
        "lastModified": 1717917568,
        "narHash": "sha256-CD1J5KhvQUqS7BZ9LbK6jP/Fy/mqTOj3I572yjQcYgQ=",
        "owner": "weechat",
        "repo": "scripts",
        "rev": "f27e2c020f7f6b457a9a8fd21a41e8eca4de71a5",
        "type": "github"
      },
      "original": {
        "owner": "weechat",
        "repo": "scripts",
        "type": "github"
      }
    }
  },
  "root": "root",
  "version": 7
}
